Microsoft Visual Studio Solution File, Format Version 12.00
# Visual Studio Version 17
VisualStudioVersion = 17.5.2.0
MinimumVisualStudioVersion = 10.0.40219.1
Project("{FAE04EC0-301F-11D3-BF4B-00C04F79EFBC}") = "lab-3-mastermind-benji-stansfield", "lab-3-mastermind-benji-stansfield.csproj", "{905DB813-CACE-F473-DD88-312A5E27DFC9}"
EndProject
Global
	GlobalSection(SolutionConfigurationPlatforms) = preSolution
		Debug|Any CPU = Debug|Any CPU
		Release|Any CPU = Release|Any CPU
	EndGlobalSection
	GlobalSection(ProjectConfigurationPlatforms) = postSolution
		{905DB813-CACE-F473-DD88-312A5E27DFC9}.Debug|Any CPU.ActiveCfg = Debug|Any CPU
		{905DB813-CACE-F473-DD88-312A5E27DFC9}.Debug|Any CPU.Build.0 = Debug|Any CPU
		{905DB813-CACE-F473-DD88-312A5E27DFC9}.Release|Any CPU.ActiveCfg = Release|Any CPU
		{905DB813-CACE-F473-DD88-312A5E27DFC9}.Release|Any CPU.Build.0 = Release|Any CPU
	EndGlobalSection
	GlobalSection(SolutionProperties) = preSolution
		HideSolutionNode = FALSE
	EndGlobalSection
	GlobalSection(ExtensibilityGlobals) = postSolution
		SolutionGuid = {25A36617-AFC5-44AA-98A2-4695B2CE11B8}
	EndGlobalSection
EndGlobal
